
Microsoft Visual Studio Solution File, Format Version 12.00
# Visual Studio 14
VisualStudioVersion = 14.0.25420.1
MinimumVisualStudioVersion = 10.0.40219.1
Project("{2150E333-8FDC-42A3-9474-1A3956D46DE8}") = "src", "src", "{70790D9B-C18B-4707-B131-EBC8D5FE8509}"
EndProject
Project("{2150E333-8FDC-42A3-9474-1A3956D46DE8}") = "Solution Items", "Solution Items", "{DE2F2541-B50B-425C-9904-8CDA66EA408B}"
	ProjectSection(SolutionItems) = preProject
		global.json = global.json
	EndProjectSection
EndProject
Project("{8BB2217D-0F2D-49D1-97BC-3654ED321F3B}") = "SimpleAngularJSApp", "src\SimpleAngularJSApp\SimpleAngularJSApp.xproj", "{7EB719E1-5A45-4478-9032-71B81F39EBB6}"
EndProject
Global
	GlobalSection(SolutionConfigurationPlatforms) = preSolution
		Debug|Any CPU = Debug|Any CPU
		Release|Any CPU = Release|Any CPU
	EndGlobalSection
	GlobalSection(ProjectConfigurationPlatforms) = postSolution
		{7EB719E1-5A45-4478-9032-71B81F39EBB6}.Debug|Any CPU.ActiveCfg = Debug|Any CPU
		{7EB719E1-5A45-4478-9032-71B81F39EBB6}.Debug|Any CPU.Build.0 = Debug|Any CPU
		{7EB719E1-5A45-4478-9032-71B81F39EBB6}.Release|Any CPU.ActiveCfg = Release|Any CPU
		{7EB719E1-5A45-4478-9032-71B81F39EBB6}.Release|Any CPU.Build.0 = Release|Any CPU
	EndGlobalSection
	GlobalSection(SolutionProperties) = preSolution
		HideSolutionNode = FALSE
	EndGlobalSection
	GlobalSection(NestedProjects) = preSolution
		{7EB719E1-5A45-4478-9032-71B81F39EBB6} = {70790D9B-C18B-4707-B131-EBC8D5FE8509}
	EndGlobalSection
EndGlobal
